
Microsoft Visual Studio Solution File, Format Version 12.00
# Visual Studio 15
VisualStudioVersion = 15.0.28307.757
MinimumVisualStudioVersion = 10.0.40219.1
Project("{FAE04EC0-301F-11D3-BF4B-00C04F79EFBC}") = "ProjetoExemplo", "ProjetoExemplo\ProjetoExemplo.csproj", "{F6F5BD7A-6946-48AA-9EB5-E8D3EE95D6EF}"
EndProject
Global
	GlobalSection(SolutionConfigurationPlatforms) = preSolution
		Debug|Any CPU = Debug|Any CPU
		Release|Any CPU = Release|Any CPU
	EndGlobalSection
	GlobalSection(ProjectConfigurationPlatforms) = postSolution
		{F6F5BD7A-6946-48AA-9EB5-E8D3EE95D6EF}.Debug|Any CPU.ActiveCfg = Debug|Any CPU
		{F6F5BD7A-6946-48AA-9EB5-E8D3EE95D6EF}.Debug|Any CPU.Build.0 = Debug|Any CPU
		{F6F5BD7A-6946-48AA-9EB5-E8D3EE95D6EF}.Release|Any CPU.ActiveCfg = Release|Any CPU
		{F6F5BD7A-6946-48AA-9EB5-E8D3EE95D6EF}.Release|Any CPU.Build.0 = Release|Any CPU
	EndGlobalSection
	GlobalSection(SolutionProperties) = preSolution
		HideSolutionNode = FALSE
	EndGlobalSection
	GlobalSection(ExtensibilityGlobals) = postSolution
		SolutionGuid = {A16D4684-C39A-4471-92B0-BAB6AF9A91C6}
	EndGlobalSection
EndGlobal
